
Microsoft Visual Studio Solution File, Format Version 12.00
# Visual Studio Version 16
VisualStudioVersion = 16.0.31005.135
MinimumVisualStudioVersion = 10.0.40219.1
Project("{FAE04EC0-301F-11D3-BF4B-00C04F79EFBC}") = "WebApi-InlämningAttempt4", "WebApi-InlämningAttempt4.csproj", "{D9102CFE-2EF5-4A5B-9F42-E72D7EA37A99}"
EndProject
Global
	GlobalSection(SolutionConfigurationPlatforms) = preSolution
		Debug|Any CPU = Debug|Any CPU
		Release|Any CPU = Release|Any CPU
	EndGlobalSection
	GlobalSection(ProjectConfigurationPlatforms) = postSolution
		{D9102CFE-2EF5-4A5B-9F42-E72D7EA37A99}.Debug|Any CPU.ActiveCfg = Debug|Any CPU
		{D9102CFE-2EF5-4A5B-9F42-E72D7EA37A99}.Debug|Any CPU.Build.0 = Debug|Any CPU
		{D9102CFE-2EF5-4A5B-9F42-E72D7EA37A99}.Release|Any CPU.ActiveCfg = Release|Any CPU
		{D9102CFE-2EF5-4A5B-9F42-E72D7EA37A99}.Release|Any CPU.Build.0 = Release|Any CPU
	EndGlobalSection
	GlobalSection(SolutionProperties) = preSolution
		HideSolutionNode = FALSE
	EndGlobalSection
	GlobalSection(ExtensibilityGlobals) = postSolution
		SolutionGuid = {318516AC-C6C3-4409-B391-B80D3EF7360B}
	EndGlobalSection
EndGlobal
